
Microsoft Visual Studio Solution File, Format Version 12.00
# Visual Studio Version 16
VisualStudioVersion = 16.0.31313.79
MinimumVisualStudioVersion = 10.0.40219.1
Project("{FAE04EC0-301F-11D3-BF4B-00C04F79EFBC}") = "src_GUI", "src_GUI\src_GUI.csproj", "{F68BB964-B4AA-48D2-A14B-18687FCAB414}"
EndProject
Global
	GlobalSection(SolutionConfigurationPlatforms) = preSolution
		Debug|Any CPU = Debug|Any CPU
		Release|Any CPU = Release|Any CPU
	EndGlobalSection
	GlobalSection(ProjectConfigurationPlatforms) = postSolution
		{F68BB964-B4AA-48D2-A14B-18687FCAB414}.Debug|Any CPU.ActiveCfg = Debug|Any CPU
		{F68BB964-B4AA-48D2-A14B-18687FCAB414}.Debug|Any CPU.Build.0 = Debug|Any CPU
		{F68BB964-B4AA-48D2-A14B-18687FCAB414}.Release|Any CPU.ActiveCfg = Release|Any CPU
		{F68BB964-B4AA-48D2-A14B-18687FCAB414}.Release|Any CPU.Build.0 = Release|Any CPU
	EndGlobalSection
	GlobalSection(SolutionProperties) = preSolution
		HideSolutionNode = FALSE
	EndGlobalSection
	GlobalSection(ExtensibilityGlobals) = postSolution
		SolutionGuid = {AE7D3C7B-E66C-41BC-A96C-3E41230E4690}
	EndGlobalSection
EndGlobal
